
Microsoft Visual Studio Solution File, Format Version 12.00
# Visual Studio Version 17
VisualStudioVersion = 17.6.33829.357
MinimumVisualStudioVersion = 10.0.40219.1
Project("{8BC9CEB8-8B4A-11D0-8D11-00A0C91BC942}") = "달리기 시합", "달리기 시합\달리기 시합.vcxproj", "{6AF8ADC5-06E1-4C14-AFAC-205AB6A8332D}"
EndProject
Project("{8BC9CEB8-8B4A-11D0-8D11-00A0C91BC942}") = "추억 사진", "추억 사진\추억 사진.vcxproj", "{A40EB41A-0C0D-406F-BE20-46DD66BE70F9}"
EndProject
Project("{8BC9CEB8-8B4A-11D0-8D11-00A0C91BC942}") = "공원 산책", "공원 산책\공원 산책.vcxproj", "{22E62423-7A48-4223-90C4-74ED5203A0AE}"
EndProject
Project("{8BC9CEB8-8B4A-11D0-8D11-00A0C91BC942}") = "신고 결과 받기", "신고 결과 받기\신고 결과 받기.vcxproj", "{7C04E243-4667-483A-BCCA-74E5D8ACD685}"
EndProject
Project("{8BC9CEB8-8B4A-11D0-8D11-00A0C91BC942}") = "개인정보 수집 유효기간", "개인정보 수집 유효기간\개인정보 수집 유효기간.vcxproj", "{89B115FA-FB1E-4C3F-AAF7-BD6A8921CC08}"
EndProject
Project("{8BC9CEB8-8B4A-11D0-8D11-00A0C91BC942}") = "하노이의 탑", "하노이의 탑\하노이의 탑.vcxproj", "{3D864E73-F4A6-4A39-85DC-1E7B80180BFC}"
EndProject
Project("{8BC9CEB8-8B4A-11D0-8D11-00A0C91BC942}") = "마법의 엘리베이터", "마법의 엘리베이터\마법의 엘리베이터.vcxproj", "{E38DED8B-C3DB-47CB-AF86-CB1A820F1644}"
EndProject
Project("{8BC9CEB8-8B4A-11D0-8D11-00A0C91BC942}") = "디펜스 게임", "디펜스 게임\디펜스 게임.vcxproj", "{1C9F0C0D-2B82-484C-9C68-3C557F210B6D}"
EndProject
Project("{8BC9CEB8-8B4A-11D0-8D11-00A0C91BC942}") = "호텔 대실", "호텔 대실\호텔 대실.vcxproj", "{D40D45E3-58AD-404E-AD4F-6BA9F1095540}"
EndProject
Project("{8BC9CEB8-8B4A-11D0-8D11-00A0C91BC942}") = "세로 읽기", "세로 읽기\세로 읽기.vcxproj", "{8130BA5A-8435-4F25-8E37-5E0BE16267DD}"
EndProject
Project("{8BC9CEB8-8B4A-11D0-8D11-00A0C91BC942}") = "동전0", "동전0\동전0.vcxproj", "{D4B7D74E-86F5-4A21-8DB1-3334CB1DBEC8}"
EndProject
Project("{8BC9CEB8-8B4A-11D0-8D11-00A0C91BC942}") = "체육복", "체육복\체육복.vcxproj", "{C353BCB0-A3AC-420D-8FA6-FF50636636AF}"
EndProject
Project("{8BC9CEB8-8B4A-11D0-8D11-00A0C91BC942}") = "옹알이(1)", "옹알이(1)\옹알이(1).vcxproj", "{41F7B1E8-3890-4CF3-94F9-8CBE8224913B}"
EndProject
Project("{8BC9CEB8-8B4A-11D0-8D11-00A0C91BC942}") = "표현 가능한 이진트리", "표현 가능한 이진트리\표현 가능한 이진트리.vcxproj", "{A3FAC319-A6E3-4D8A-B53E-00E7165A69BF}"
EndProject
Project("{8BC9CEB8-8B4A-11D0-8D11-00A0C91BC942}") = "조이스틱", "조이스틱\조이스틱.vcxproj", "{F2CA07F0-0843-4E4D-B33D-16ADAB6DFAC0}"
EndProject
Project("{8BC9CEB8-8B4A-11D0-8D11-00A0C91BC942}") = "요격 시스템", "요격 시스템\요격 시스템.vcxproj", "{6086657A-F722-4105-A126-9DBA9AE0761E}"
EndProject
Project("{8BC9CEB8-8B4A-11D0-8D11-00A0C91BC942}") = "DFS와 BFS", "DFS와 BFS\DFS와 BFS.vcxproj", "{3C1FD3F1-84B2-4EF8-8E9C-81C7F86A9959}"
EndProject
Project("{8BC9CEB8-8B4A-11D0-8D11-00A0C91BC942}") = "사과 담기 게임", "사과 담기 게임\사과 담기 게임.vcxproj", "{21D1228A-2854-475F-8988-D3E91650F866}"
EndProject
Project("{8BC9CEB8-8B4A-11D0-8D11-00A0C91BC942}") = "빈도 정렬", "빈도 정렬\빈도 정렬.vcxproj", "{6378BFAE-77CA-461D-B39F-BB4ECBFCA67C}"
EndProject
Project("{8BC9CEB8-8B4A-11D0-8D11-00A0C91BC942}") = "영역 구하기", "영역 구하기\영역 구하기.vcxproj", "{E8DFBF48-B63B-46A5-BE60-063B5780A1CE}"
EndProject
Project("{8BC9CEB8-8B4A-11D0-8D11-00A0C91BC942}") = "미로 탐색", "미로 탐색\미로 탐색.vcxproj", "{C520B6F6-9D49-4822-8ED1-C029FDA57375}"
EndProject
Project("{8BC9CEB8-8B4A-11D0-8D11-00A0C91BC942}") = "연구소", "연구소\연구소.vcxproj", "{4061568D-9597-4C36-BB36-E28268F2A464}"
EndProject
Project("{8BC9CEB8-8B4A-11D0-8D11-00A0C91BC942}") = "수 찾기", "수 찾기\수 찾기.vcxproj", "{5A075B88-C085-4141-9273-0D38655B9961}"
EndProject
Project("{8BC9CEB8-8B4A-11D0-8D11-00A0C91BC942}") = "어두운 굴다리", "어두운 굴다리\어두운 굴다리.vcxproj", "{8463CB1F-8208-4383-9409-5EEFE8507180}"
EndProject
Project("{8BC9CEB8-8B4A-11D0-8D11-00A0C91BC942}") = "팩토리얼 0의 개수", "팩토리얼 0의 개수\팩토리얼 0의 개수.vcxproj", "{98DC8B27-EEF8-46BB-9724-ECA15AF2D969}"
EndProject
Project("{8BC9CEB8-8B4A-11D0-8D11-00A0C91BC942}") = "보석 상자", "보석 상자\보석 상자.vcxproj", "{357BF3A9-83F5-43D2-AE68-D4DFA800D212}"
EndProject
Project("{2150E333-8FDC-42A3-9474-1A3956D46DE8}") = "코테", "코테", "{B3A674F3-0B33-4494-A9FF-08C7D3A3B7E6}"
EndProject
Project("{8BC9CEB8-8B4A-11D0-8D11-00A0C91BC942}") = "개똥벌레", "개똥벌레\개똥벌레.vcxproj", "{EDED6C3B-FD2F-4591-B864-10919ABF0AE3}"
EndProject
Project("{8BC9CEB8-8B4A-11D0-8D11-00A0C91BC942}") = "두 사이의 정수쌍", "두 원정수 사이의 쌍\두 원정수 사이의 쌍.vcxproj", "{1D5E663F-71F6-4E95-8E14-98B875DC45B2}"
EndProject
Project("{8BC9CEB8-8B4A-11D0-8D11-00A0C91BC942}") = "리코챗 로봇", "리코챗 로봇\리코챗 로봇.vcxproj", "{41BC56FC-23E0-46B1-9174-7D9AEBA6D282}"
EndProject
Project("{8BC9CEB8-8B4A-11D0-8D11-00A0C91BC942}") = "1로 만들기", "1로 만들기\1로 만들기.vcxproj", "{77F1BA76-AE76-4407-A427-C24EF5327887}"
EndProject
Project("{8BC9CEB8-8B4A-11D0-8D11-00A0C91BC942}") = "1, 2, 3 더하기", "1, 2, 3 더하기\1, 2, 3 더하기.vcxproj", "{AC680684-C7EE-43DC-AB4E-01558B68EB82}"
EndProject
Project("{8BC9CEB8-8B4A-11D0-8D11-00A0C91BC942}") = "계단 오르기", "계단 오르기\계단 오르기.vcxproj", "{FBAF2516-486E-4BAF-95EB-1BF5D1BD0799}"
EndProject
Project("{8BC9CEB8-8B4A-11D0-8D11-00A0C91BC942}") = "2xN 타일링", "2xN 타일링\2xN 타일링.vcxproj", "{B7D4798B-97CA-4CCB-BBAB-A2BDA7F5E7F8}"
EndProject
Project("{8BC9CEB8-8B4A-11D0-8D11-00A0C91BC942}") = "전력망을 둘로 나누기", "전력망을 둘로 나누기\전력망을 둘로 나누기.vcxproj", "{E631724F-0378-4AAE-A924-F2FE7048622C}"
EndProject
Project("{8BC9CEB8-8B4A-11D0-8D11-00A0C91BC942}") = "카펫", "카펫\카펫.vcxproj", "{8E4C7D06-401A-46D5-8D2F-F3C8EDD90BE1}"
EndProject
Project("{8BC9CEB8-8B4A-11D0-8D11-00A0C91BC942}") = "정수 삼각형", "정수 삼각형\정수 삼각형.vcxproj", "{9F552AD4-7567-473D-A94F-5DC06A9A0958}"
EndProject
Project("{8BC9CEB8-8B4A-11D0-8D11-00A0C91BC942}") = "합승 택시 요금", "합승 택시 요금\합승 택시 요금.vcxproj", "{1536966B-E028-42E8-8B46-2A0B404B7FCD}"
EndProject
Project("{8BC9CEB8-8B4A-11D0-8D11-00A0C91BC942}") = "연습장", "피보나치 수열\피보나치 수열.vcxproj", "{2A39E673-839D-4F2A-9CD4-5FC973436A59}"
EndProject
Project("{8BC9CEB8-8B4A-11D0-8D11-00A0C91BC942}") = "주차 요금 계산", "주차 요금 계산\주차 요금 계산.vcxproj", "{76A83332-89E1-489A-848D-254E8C56DA45}"
EndProject
Project("{8BC9CEB8-8B4A-11D0-8D11-00A0C91BC942}") = "Graph", "Graph\Graph.vcxproj", "{5AFC9E52-7BEF-4DA5-9742-F1D0C28D4BFA}"
EndProject
Project("{8BC9CEB8-8B4A-11D0-8D11-00A0C91BC942}") = "빗물", "빗물\빗물.vcxproj", "{1E8C94B7-CE33-441F-92DB-A8A2B9B64301}"
EndProject
Project("{8BC9CEB8-8B4A-11D0-8D11-00A0C91BC942}") = "프린터 큐", "프린터 큐\프린터 큐.vcxproj", "{F2E01B9A-1C8E-4BE3-BDD5-0F6F7A9609B9}"
EndProject
Project("{8BC9CEB8-8B4A-11D0-8D11-00A0C91BC942}") = "작업", "작업\작업.vcxproj", "{7FA93519-9C0A-4225-A425-7276669998A9}"
EndProject
Project("{8BC9CEB8-8B4A-11D0-8D11-00A0C91BC942}") = "게임 개발", "게임 개발\게임 개발.vcxproj", "{9CDE0D57-A4B4-48E0-A94F-2BC3F35EEE4F}"
EndProject
Project("{8BC9CEB8-8B4A-11D0-8D11-00A0C91BC942}") = "줄 세우기", "줄 세우기\줄 세우기.vcxproj", "{AF040D59-FB44-4FF7-80E8-5E1143DC17AB}"
EndProject
Project("{8BC9CEB8-8B4A-11D0-8D11-00A0C91BC942}") = "다리 놓기", "다리 놓기\다리 놓기.vcxproj", "{4429DE6D-8AF3-440E-B218-F12AC5A60150}"
EndProject
Project("{8BC9CEB8-8B4A-11D0-8D11-00A0C91BC942}") = "N과 M", "N과 M\N과 M.vcxproj", "{87F26BAE-8FEC-4D3D-BAAE-02A27E3F6A16}"
EndProject
Project("{8BC9CEB8-8B4A-11D0-8D11-00A0C91BC942}") = "1학년", "1학년\1학년.vcxproj", "{C79C0AE5-30D2-4159-9676-65053966D17E}"
EndProject
Project("{8BC9CEB8-8B4A-11D0-8D11-00A0C91BC942}") = "순열의 순서", "순열의 순서\순열의 순서.vcxproj", "{9578B7F8-FCF5-41F9-83B9-B86DDB3A774F}"
EndProject
Project("{8BC9CEB8-8B4A-11D0-8D11-00A0C91BC942}") = "알고리즘 수업 - 너비 우선 탐색 1", "알고리즘 수업 - 너비 우선 탐색 1\알고리즘 수업 - 너비 우선 탐색 1.vcxproj", "{830C1F70-DCEA-405B-8A84-1F4ECAFA050E}"
EndProject
Project("{8BC9CEB8-8B4A-11D0-8D11-00A0C91BC942}") = "미로 탈출2", "미로 탈출2\미로 탈출2.vcxproj", "{D7E81A93-B755-461E-B07F-4DBB584F5943}"
EndProject
Project("{8BC9CEB8-8B4A-11D0-8D11-00A0C91BC942}") = "모든 순열", "모든 순열\모든 순열.vcxproj", "{E0AA8EDB-A174-4371-BD68-D615B43F56CF}"
EndProject
Project("{8BC9CEB8-8B4A-11D0-8D11-00A0C91BC942}") = "쉬운 최단거리", "쉬운 최단거리\쉬운 최단거리.vcxproj", "{4149D942-996A-4435-8C21-1AD4A95E08BF}"
EndProject
Project("{8BC9CEB8-8B4A-11D0-8D11-00A0C91BC942}") = "스타트와 링크", "스타트와 링크\스타트와 링크.vcxproj", "{970DD890-AA3A-4298-A044-3D01E8B92F71}"
EndProject
Project("{8BC9CEB8-8B4A-11D0-8D11-00A0C91BC942}") = "석유 시추", "석유 시추\석유 시추.vcxproj", "{D431D687-055C-4B5A-BB1A-6B3190292CDD}"
EndProject
Global
	GlobalSection(SolutionConfigurationPlatforms) = preSolution
		Debug|x64 = Debug|x64
		Debug|x86 = Debug|x86
		Release|x64 = Release|x64
		Release|x86 = Release|x86
	EndGlobalSection
	GlobalSection(ProjectConfigurationPlatforms) = postSolution
		{6AF8ADC5-06E1-4C14-AFAC-205AB6A8332D}.Debug|x64.ActiveCfg = Debug|x64
		{6AF8ADC5-06E1-4C14-AFAC-205AB6A8332D}.Debug|x64.Build.0 = Debug|x64
		{6AF8ADC5-06E1-4C14-AFAC-205AB6A8332D}.Debug|x86.ActiveCfg = Debug|Win32
		{6AF8ADC5-06E1-4C14-AFAC-205AB6A8332D}.Debug|x86.Build.0 = Debug|Win32
		{6AF8ADC5-06E1-4C14-AFAC-205AB6A8332D}.Release|x64.ActiveCfg = Release|x64
		{6AF8ADC5-06E1-4C14-AFAC-205AB6A8332D}.Release|x64.Build.0 = Release|x64
		{6AF8ADC5-06E1-4C14-AFAC-205AB6A8332D}.Release|x86.ActiveCfg = Release|Win32
		{6AF8ADC5-06E1-4C14-AFAC-205AB6A8332D}.Release|x86.Build.0 = Release|Win32
		{A40EB41A-0C0D-406F-BE20-46DD66BE70F9}.Debug|x64.ActiveCfg = Debug|x64
		{A40EB41A-0C0D-406F-BE20-46DD66BE70F9}.Debug|x64.Build.0 = Debug|x64
		{A40EB41A-0C0D-406F-BE20-46DD66BE70F9}.Debug|x86.ActiveCfg = Debug|Win32
		{A40EB41A-0C0D-406F-BE20-46DD66BE70F9}.Debug|x86.Build.0 = Debug|Win32
		{A40EB41A-0C0D-406F-BE20-46DD66BE70F9}.Release|x64.ActiveCfg = Release|x64
		{A40EB41A-0C0D-406F-BE20-46DD66BE70F9}.Release|x64.Build.0 = Release|x64
		{A40EB41A-0C0D-406F-BE20-46DD66BE70F9}.Release|x86.ActiveCfg = Release|Win32
		{A40EB41A-0C0D-406F-BE20-46DD66BE70F9}.Release|x86.Build.0 = Release|Win32
		{22E62423-7A48-4223-90C4-74ED5203A0AE}.Debug|x64.ActiveCfg = Debug|x64
		{22E62423-7A48-4223-90C4-74ED5203A0AE}.Debug|x64.Build.0 = Debug|x64
		{22E62423-7A48-4223-90C4-74ED5203A0AE}.Debug|x86.ActiveCfg = Debug|Win32
		{22E62423-7A48-4223-90C4-74ED5203A0AE}.Debug|x86.Build.0 = Debug|Win32
		{22E62423-7A48-4223-90C4-74ED5203A0AE}.Release|x64.ActiveCfg = Release|x64
		{22E62423-7A48-4223-90C4-74ED5203A0AE}.Release|x64.Build.0 = Release|x64
		{22E62423-7A48-4223-90C4-74ED5203A0AE}.Release|x86.ActiveCfg = Release|Win32
		{22E62423-7A48-4223-90C4-74ED5203A0AE}.Release|x86.Build.0 = Release|Win32
		{7C04E243-4667-483A-BCCA-74E5D8ACD685}.Debug|x64.ActiveCfg = Debug|x64
		{7C04E243-4667-483A-BCCA-74E5D8ACD685}.Debug|x64.Build.0 = Debug|x64
		{7C04E243-4667-483A-BCCA-74E5D8ACD685}.Debug|x86.ActiveCfg = Debug|Win32
		{7C04E243-4667-483A-BCCA-74E5D8ACD685}.Debug|x86.Build.0 = Debug|Win32
		{7C04E243-4667-483A-BCCA-74E5D8ACD685}.Release|x64.ActiveCfg = Release|x64
		{7C04E243-4667-483A-BCCA-74E5D8ACD685}.Release|x64.Build.0 = Release|x64
		{7C04E243-4667-483A-BCCA-74E5D8ACD685}.Release|x86.ActiveCfg = Release|Win32
		{7C04E243-4667-483A-BCCA-74E5D8ACD685}.Release|x86.Build.0 = Release|Win32
		{89B115FA-FB1E-4C3F-AAF7-BD6A8921CC08}.Debug|x64.ActiveCfg = Debug|x64
		{89B115FA-FB1E-4C3F-AAF7-BD6A8921CC08}.Debug|x64.Build.0 = Debug|x64
		{89B115FA-FB1E-4C3F-AAF7-BD6A8921CC08}.Debug|x86.ActiveCfg = Debug|Win32
		{89B115FA-FB1E-4C3F-AAF7-BD6A8921CC08}.Debug|x86.Build.0 = Debug|Win32
		{89B115FA-FB1E-4C3F-AAF7-BD6A8921CC08}.Release|x64.ActiveCfg = Release|x64
		{89B115FA-FB1E-4C3F-AAF7-BD6A8921CC08}.Release|x64.Build.0 = Release|x64
		{89B115FA-FB1E-4C3F-AAF7-BD6A8921CC08}.Release|x86.ActiveCfg = Release|Win32
		{89B115FA-FB1E-4C3F-AAF7-BD6A8921CC08}.Release|x86.Build.0 = Release|Win32
		{3D864E73-F4A6-4A39-85DC-1E7B80180BFC}.Debug|x64.ActiveCfg = Debug|x64
		{3D864E73-F4A6-4A39-85DC-1E7B80180BFC}.Debug|x64.Build.0 = Debug|x64
		{3D864E73-F4A6-4A39-85DC-1E7B80180BFC}.Debug|x86.ActiveCfg = Debug|Win32
		{3D864E73-F4A6-4A39-85DC-1E7B80180BFC}.Debug|x86.Build.0 = Debug|Win32
		{3D864E73-F4A6-4A39-85DC-1E7B80180BFC}.Release|x64.ActiveCfg = Release|x64
		{3D864E73-F4A6-4A39-85DC-1E7B80180BFC}.Release|x64.Build.0 = Release|x64
		{3D864E73-F4A6-4A39-85DC-1E7B80180BFC}.Release|x86.ActiveCfg = Release|Win32
		{3D864E73-F4A6-4A39-85DC-1E7B80180BFC}.Release|x86.Build.0 = Release|Win32
		{E38DED8B-C3DB-47CB-AF86-CB1A820F1644}.Debug|x64.ActiveCfg = Debug|x64
		{E38DED8B-C3DB-47CB-AF86-CB1A820F1644}.Debug|x64.Build.0 = Debug|x64
		{E38DED8B-C3DB-47CB-AF86-CB1A820F1644}.Debug|x86.ActiveCfg = Debug|Win32
		{E38DED8B-C3DB-47CB-AF86-CB1A820F1644}.Debug|x86.Build.0 = Debug|Win32
		{E38DED8B-C3DB-47CB-AF86-CB1A820F1644}.Release|x64.ActiveCfg = Release|x64
		{E38DED8B-C3DB-47CB-AF86-CB1A820F1644}.Release|x64.Build.0 = Release|x64
		{E38DED8B-C3DB-47CB-AF86-CB1A820F1644}.Release|x86.ActiveCfg = Release|Win32
		{E38DED8B-C3DB-47CB-AF86-CB1A820F1644}.Release|x86.Build.0 = Release|Win32
		{1C9F0C0D-2B82-484C-9C68-3C557F210B6D}.Debug|x64.ActiveCfg = Debug|x64
		{1C9F0C0D-2B82-484C-9C68-3C557F210B6D}.Debug|x64.Build.0 = Debug|x64
		{1C9F0C0D-2B82-484C-9C68-3C557F210B6D}.Debug|x86.ActiveCfg = Debug|Win32
		{1C9F0C0D-2B82-484C-9C68-3C557F210B6D}.Debug|x86.Build.0 = Debug|Win32
		{1C9F0C0D-2B82-484C-9C68-3C557F210B6D}.Release|x64.ActiveCfg = Release|x64
		{1C9F0C0D-2B82-484C-9C68-3C557F210B6D}.Release|x64.Build.0 = Release|x64
		{1C9F0C0D-2B82-484C-9C68-3C557F210B6D}.Release|x86.ActiveCfg = Release|Win32
		{1C9F0C0D-2B82-484C-9C68-3C557F210B6D}.Release|x86.Build.0 = Release|Win32
		{D40D45E3-58AD-404E-AD4F-6BA9F1095540}.Debug|x64.ActiveCfg = Debug|x64
		{D40D45E3-58AD-404E-AD4F-6BA9F1095540}.Debug|x64.Build.0 = Debug|x64
		{D40D45E3-58AD-404E-AD4F-6BA9F1095540}.Debug|x86.ActiveCfg = Debug|Win32
		{D40D45E3-58AD-404E-AD4F-6BA9F1095540}.Debug|x86.Build.0 = Debug|Win32
		{D40D45E3-58AD-404E-AD4F-6BA9F1095540}.Release|x64.ActiveCfg = Release|x64
		{D40D45E3-58AD-404E-AD4F-6BA9F1095540}.Release|x64.Build.0 = Release|x64
		{D40D45E3-58AD-404E-AD4F-6BA9F1095540}.Release|x86.ActiveCfg = Release|Win32
		{D40D45E3-58AD-404E-AD4F-6BA9F1095540}.Release|x86.Build.0 = Release|Win32
		{8130BA5A-8435-4F25-8E37-5E0BE16267DD}.Debug|x64.ActiveCfg = Debug|x64
		{8130BA5A-8435-4F25-8E37-5E0BE16267DD}.Debug|x64.Build.0 = Debug|x64
		{8130BA5A-8435-4F25-8E37-5E0BE16267DD}.Debug|x86.ActiveCfg = Debug|Win32
		{8130BA5A-8435-4F25-8E37-5E0BE16267DD}.Debug|x86.Build.0 = Debug|Win32
		{8130BA5A-8435-4F25-8E37-5E0BE16267DD}.Release|x64.ActiveCfg = Release|x64
		{8130BA5A-8435-4F25-8E37-5E0BE16267DD}.Release|x64.Build.0 = Release|x64
		{8130BA5A-8435-4F25-8E37-5E0BE16267DD}.Release|x86.ActiveCfg = Release|Win32
		{8130BA5A-8435-4F25-8E37-5E0BE16267DD}.Release|x86.Build.0 = Release|Win32
		{D4B7D74E-86F5-4A21-8DB1-3334CB1DBEC8}.Debug|x64.ActiveCfg = Debug|x64
		{D4B7D74E-86F5-4A21-8DB1-3334CB1DBEC8}.Debug|x64.Build.0 = Debug|x64
		{D4B7D74E-86F5-4A21-8DB1-3334CB1DBEC8}.Debug|x86.ActiveCfg = Debug|Win32
		{D4B7D74E-86F5-4A21-8DB1-3334CB1DBEC8}.Debug|x86.Build.0 = Debug|Win32
		{D4B7D74E-86F5-4A21-8DB1-3334CB1DBEC8}.Release|x64.ActiveCfg = Release|x64
		{D4B7D74E-86F5-4A21-8DB1-3334CB1DBEC8}.Release|x64.Build.0 = Release|x64
		{D4B7D74E-86F5-4A21-8DB1-3334CB1DBEC8}.Release|x86.ActiveCfg = Release|Win32
		{D4B7D74E-86F5-4A21-8DB1-3334CB1DBEC8}.Release|x86.Build.0 = Release|Win32
		{C353BCB0-A3AC-420D-8FA6-FF50636636AF}.Debug|x64.ActiveCfg = Debug|x64
		{C353BCB0-A3AC-420D-8FA6-FF50636636AF}.Debug|x64.Build.0 = Debug|x64
		{C353BCB0-A3AC-420D-8FA6-FF50636636AF}.Debug|x86.ActiveCfg = Debug|Win32
		{C353BCB0-A3AC-420D-8FA6-FF50636636AF}.Debug|x86.Build.0 = Debug|Win32
		{C353BCB0-A3AC-420D-8FA6-FF50636636AF}.Release|x64.ActiveCfg = Release|x64
		{C353BCB0-A3AC-420D-8FA6-FF50636636AF}.Release|x64.Build.0 = Release|x64
		{C353BCB0-A3AC-420D-8FA6-FF50636636AF}.Release|x86.ActiveCfg = Release|Win32
		{C353BCB0-A3AC-420D-8FA6-FF50636636AF}.Release|x86.Build.0 = Release|Win32
		{41F7B1E8-3890-4CF3-94F9-8CBE8224913B}.Debug|x64.ActiveCfg = Debug|x64
		{41F7B1E8-3890-4CF3-94F9-8CBE8224913B}.Debug|x64.Build.0 = Debug|x64
		{41F7B1E8-3890-4CF3-94F9-8CBE8224913B}.Debug|x86.ActiveCfg = Debug|Win32
		{41F7B1E8-3890-4CF3-94F9-8CBE8224913B}.Debug|x86.Build.0 = Debug|Win32
		{41F7B1E8-3890-4CF3-94F9-8CBE8224913B}.Release|x64.ActiveCfg = Release|x64
		{41F7B1E8-3890-4CF3-94F9-8CBE8224913B}.Release|x64.Build.0 = Release|x64
		{41F7B1E8-3890-4CF3-94F9-8CBE8224913B}.Release|x86.ActiveCfg = Release|Win32
		{41F7B1E8-3890-4CF3-94F9-8CBE8224913B}.Release|x86.Build.0 = Release|Win32
		{A3FAC319-A6E3-4D8A-B53E-00E7165A69BF}.Debug|x64.ActiveCfg = Debug|x64
		{A3FAC319-A6E3-4D8A-B53E-00E7165A69BF}.Debug|x64.Build.0 = Debug|x64
		{A3FAC319-A6E3-4D8A-B53E-00E7165A69BF}.Debug|x86.ActiveCfg = Debug|Win32
		{A3FAC319-A6E3-4D8A-B53E-00E7165A69BF}.Debug|x86.Build.0 = Debug|Win32
		{A3FAC319-A6E3-4D8A-B53E-00E7165A69BF}.Release|x64.ActiveCfg = Release|x64
		{A3FAC319-A6E3-4D8A-B53E-00E7165A69BF}.Release|x64.Build.0 = Release|x64
		{A3FAC319-A6E3-4D8A-B53E-00E7165A69BF}.Release|x86.ActiveCfg = Release|Win32
		{A3FAC319-A6E3-4D8A-B53E-00E7165A69BF}.Release|x86.Build.0 = Release|Win32
		{F2CA07F0-0843-4E4D-B33D-16ADAB6DFAC0}.Debug|x64.ActiveCfg = Debug|x64
		{F2CA07F0-0843-4E4D-B33D-16ADAB6DFAC0}.Debug|x64.Build.0 = Debug|x64
		{F2CA07F0-0843-4E4D-B33D-16ADAB6DFAC0}.Debug|x86.ActiveCfg = Debug|Win32
		{F2CA07F0-0843-4E4D-B33D-16ADAB6DFAC0}.Debug|x86.Build.0 = Debug|Win32
		{F2CA07F0-0843-4E4D-B33D-16ADAB6DFAC0}.Release|x64.ActiveCfg = Release|x64
		{F2CA07F0-0843-4E4D-B33D-16ADAB6DFAC0}.Release|x64.Build.0 = Release|x64
		{F2CA07F0-0843-4E4D-B33D-16ADAB6DFAC0}.Release|x86.ActiveCfg = Release|Win32
		{F2CA07F0-0843-4E4D-B33D-16ADAB6DFAC0}.Release|x86.Build.0 = Release|Win32
		{6086657A-F722-4105-A126-9DBA9AE0761E}.Debug|x64.ActiveCfg = Debug|x64
		{6086657A-F722-4105-A126-9DBA9AE0761E}.Debug|x64.Build.0 = Debug|x64
		{6086657A-F722-4105-A126-9DBA9AE0761E}.Debug|x86.ActiveCfg = Debug|Win32
		{6086657A-F722-4105-A126-9DBA9AE0761E}.Debug|x86.Build.0 = Debug|Win32
		{6086657A-F722-4105-A126-9DBA9AE0761E}.Release|x64.ActiveCfg = Release|x64
		{6086657A-F722-4105-A126-9DBA9AE0761E}.Release|x64.Build.0 = Release|x64
		{6086657A-F722-4105-A126-9DBA9AE0761E}.Release|x86.ActiveCfg = Release|Win32
		{6086657A-F722-4105-A126-9DBA9AE0761E}.Release|x86.Build.0 = Release|Win32
		{3C1FD3F1-84B2-4EF8-8E9C-81C7F86A9959}.Debug|x64.ActiveCfg = Debug|x64
		{3C1FD3F1-84B2-4EF8-8E9C-81C7F86A9959}.Debug|x64.Build.0 = Debug|x64
		{3C1FD3F1-84B2-4EF8-8E9C-81C7F86A9959}.Debug|x86.ActiveCfg = Debug|Win32
		{3C1FD3F1-84B2-4EF8-8E9C-81C7F86A9959}.Debug|x86.Build.0 = Debug|Win32
		{3C1FD3F1-84B2-4EF8-8E9C-81C7F86A9959}.Release|x64.ActiveCfg = Release|x64
		{3C1FD3F1-84B2-4EF8-8E9C-81C7F86A9959}.Release|x64.Build.0 = Release|x64
		{3C1FD3F1-84B2-4EF8-8E9C-81C7F86A9959}.Release|x86.ActiveCfg = Release|Win32
		{3C1FD3F1-84B2-4EF8-8E9C-81C7F86A9959}.Release|x86.Build.0 = Release|Win32
		{21D1228A-2854-475F-8988-D3E91650F866}.Debug|x64.ActiveCfg = Debug|x64
		{21D1228A-2854-475F-8988-D3E91650F866}.Debug|x64.Build.0 = Debug|x64
		{21D1228A-2854-475F-8988-D3E91650F866}.Debug|x86.ActiveCfg = Debug|Win32
		{21D1228A-2854-475F-8988-D3E91650F866}.Debug|x86.Build.0 = Debug|Win32
		{21D1228A-2854-475F-8988-D3E91650F866}.Release|x64.ActiveCfg = Release|x64
		{21D1228A-2854-475F-8988-D3E91650F866}.Release|x64.Build.0 = Release|x64
		{21D1228A-2854-475F-8988-D3E91650F866}.Release|x86.ActiveCfg = Release|Win32
		{21D1228A-2854-475F-8988-D3E91650F866}.Release|x86.Build.0 = Release|Win32
		{6378BFAE-77CA-461D-B39F-BB4ECBFCA67C}.Debug|x64.ActiveCfg = Debug|x64
		{6378BFAE-77CA-461D-B39F-BB4ECBFCA67C}.Debug|x64.Build.0 = Debug|x64
		{6378BFAE-77CA-461D-B39F-BB4ECBFCA67C}.Debug|x86.ActiveCfg = Debug|Win32
		{6378BFAE-77CA-461D-B39F-BB4ECBFCA67C}.Debug|x86.Build.0 = Debug|Win32
		{6378BFAE-77CA-461D-B39F-BB4ECBFCA67C}.Release|x64.ActiveCfg = Release|x64
		{6378BFAE-77CA-461D-B39F-BB4ECBFCA67C}.Release|x64.Build.0 = Release|x64
		{6378BFAE-77CA-461D-B39F-BB4ECBFCA67C}.Release|x86.ActiveCfg = Release|Win32
		{6378BFAE-77CA-461D-B39F-BB4ECBFCA67C}.Release|x86.Build.0 = Release|Win32
		{E8DFBF48-B63B-46A5-BE60-063B5780A1CE}.Debug|x64.ActiveCfg = Debug|x64
		{E8DFBF48-B63B-46A5-BE60-063B5780A1CE}.Debug|x64.Build.0 = Debug|x64
		{E8DFBF48-B63B-46A5-BE60-063B5780A1CE}.Debug|x86.ActiveCfg = Debug|Win32
		{E8DFBF48-B63B-46A5-BE60-063B5780A1CE}.Debug|x86.Build.0 = Debug|Win32
		{E8DFBF48-B63B-46A5-BE60-063B5780A1CE}.Release|x64.ActiveCfg = Release|x64
		{E8DFBF48-B63B-46A5-BE60-063B5780A1CE}.Release|x64.Build.0 = Release|x64
		{E8DFBF48-B63B-46A5-BE60-063B5780A1CE}.Release|x86.ActiveCfg = Release|Win32
		{E8DFBF48-B63B-46A5-BE60-063B5780A1CE}.Release|x86.Build.0 = Release|Win32
		{C520B6F6-9D49-4822-8ED1-C029FDA57375}.Debug|x64.ActiveCfg = Debug|x64
		{C520B6F6-9D49-4822-8ED1-C029FDA57375}.Debug|x64.Build.0 = Debug|x64
		{C520B6F6-9D49-4822-8ED1-C029FDA57375}.Debug|x86.ActiveCfg = Debug|Win32
		{C520B6F6-9D49-4822-8ED1-C029FDA57375}.Debug|x86.Build.0 = Debug|Win32
		{C520B6F6-9D49-4822-8ED1-C029FDA57375}.Release|x64.ActiveCfg = Release|x64
		{C520B6F6-9D49-4822-8ED1-C029FDA57375}.Release|x64.Build.0 = Release|x64
		{C520B6F6-9D49-4822-8ED1-C029FDA57375}.Release|x86.ActiveCfg = Release|Win32
		{C520B6F6-9D49-4822-8ED1-C029FDA57375}.Release|x86.Build.0 = Release|Win32
		{4061568D-9597-4C36-BB36-E28268F2A464}.Debug|x64.ActiveCfg = Debug|x64
		{4061568D-9597-4C36-BB36-E28268F2A464}.Debug|x64.Build.0 = Debug|x64
		{4061568D-9597-4C36-BB36-E28268F2A464}.Debug|x86.ActiveCfg = Debug|Win32
		{4061568D-9597-4C36-BB36-E28268F2A464}.Debug|x86.Build.0 = Debug|Win32
		{4061568D-9597-4C36-BB36-E28268F2A464}.Release|x64.ActiveCfg = Release|x64
		{4061568D-9597-4C36-BB36-E28268F2A464}.Release|x64.Build.0 = Release|x64
		{4061568D-9597-4C36-BB36-E28268F2A464}.Release|x86.ActiveCfg = Release|Win32
		{4061568D-9597-4C36-BB36-E28268F2A464}.Release|x86.Build.0 = Release|Win32
		{5A075B88-C085-4141-9273-0D38655B9961}.Debug|x64.ActiveCfg = Debug|x64
		{5A075B88-C085-4141-9273-0D38655B9961}.Debug|x64.Build.0 = Debug|x64
		{5A075B88-C085-4141-9273-0D38655B9961}.Debug|x86.ActiveCfg = Debug|Win32
		{5A075B88-C085-4141-9273-0D38655B9961}.Debug|x86.Build.0 = Debug|Win32
		{5A075B88-C085-4141-9273-0D38655B9961}.Release|x64.ActiveCfg = Release|x64
		{5A075B88-C085-4141-9273-0D38655B9961}.Release|x64.Build.0 = Release|x64
		{5A075B88-C085-4141-9273-0D38655B9961}.Release|x86.ActiveCfg = Release|Win32
		{5A075B88-C085-4141-9273-0D38655B9961}.Release|x86.Build.0 = Release|Win32
		{8463CB1F-8208-4383-9409-5EEFE8507180}.Debug|x64.ActiveCfg = Debug|x64
		{8463CB1F-8208-4383-9409-5EEFE8507180}.Debug|x64.Build.0 = Debug|x64
		{8463CB1F-8208-4383-9409-5EEFE8507180}.Debug|x86.ActiveCfg = Debug|Win32
		{8463CB1F-8208-4383-9409-5EEFE8507180}.Debug|x86.Build.0 = Debug|Win32
		{8463CB1F-8208-4383-9409-5EEFE8507180}.Release|x64.ActiveCfg = Release|x64
		{8463CB1F-8208-4383-9409-5EEFE8507180}.Release|x64.Build.0 = Release|x64
		{8463CB1F-8208-4383-9409-5EEFE8507180}.Release|x86.ActiveCfg = Release|Win32
		{8463CB1F-8208-4383-9409-5EEFE8507180}.Release|x86.Build.0 = Release|Win32
		{98DC8B27-EEF8-46BB-9724-ECA15AF2D969}.Debug|x64.ActiveCfg = Debug|x64
		{98DC8B27-EEF8-46BB-9724-ECA15AF2D969}.Debug|x64.Build.0 = Debug|x64
		{98DC8B27-EEF8-46BB-9724-ECA15AF2D969}.Debug|x86.ActiveCfg = Debug|Win32
		{98DC8B27-EEF8-46BB-9724-ECA15AF2D969}.Debug|x86.Build.0 = Debug|Win32
		{98DC8B27-EEF8-46BB-9724-ECA15AF2D969}.Release|x64.ActiveCfg = Release|x64
		{98DC8B27-EEF8-46BB-9724-ECA15AF2D969}.Release|x64.Build.0 = Release|x64
		{98DC8B27-EEF8-46BB-9724-ECA15AF2D969}.Release|x86.ActiveCfg = Release|Win32
		{98DC8B27-EEF8-46BB-9724-ECA15AF2D969}.Release|x86.Build.0 = Release|Win32
		{357BF3A9-83F5-43D2-AE68-D4DFA800D212}.Debug|x64.ActiveCfg = Debug|x64
		{357BF3A9-83F5-43D2-AE68-D4DFA800D212}.Debug|x64.Build.0 = Debug|x64
		{357BF3A9-83F5-43D2-AE68-D4DFA800D212}.Debug|x86.ActiveCfg = Debug|Win32
		{357BF3A9-83F5-43D2-AE68-D4DFA800D212}.Debug|x86.Build.0 = Debug|Win32
		{357BF3A9-83F5-43D2-AE68-D4DFA800D212}.Release|x64.ActiveCfg = Release|x64
		{357BF3A9-83F5-43D2-AE68-D4DFA800D212}.Release|x64.Build.0 = Release|x64
		{357BF3A9-83F5-43D2-AE68-D4DFA800D212}.Release|x86.ActiveCfg = Release|Win32
		{357BF3A9-83F5-43D2-AE68-D4DFA800D212}.Release|x86.Build.0 = Release|Win32
		{EDED6C3B-FD2F-4591-B864-10919ABF0AE3}.Debug|x64.ActiveCfg = Debug|x64
		{EDED6C3B-FD2F-4591-B864-10919ABF0AE3}.Debug|x64.Build.0 = Debug|x64
		{EDED6C3B-FD2F-4591-B864-10919ABF0AE3}.Debug|x86.ActiveCfg = Debug|Win32
		{EDED6C3B-FD2F-4591-B864-10919ABF0AE3}.Debug|x86.Build.0 = Debug|Win32
		{EDED6C3B-FD2F-4591-B864-10919ABF0AE3}.Release|x64.ActiveCfg = Release|x64
		{EDED6C3B-FD2F-4591-B864-10919ABF0AE3}.Release|x64.Build.0 = Release|x64
		{EDED6C3B-FD2F-4591-B864-10919ABF0AE3}.Release|x86.ActiveCfg = Release|Win32
		{EDED6C3B-FD2F-4591-B864-10919ABF0AE3}.Release|x86.Build.0 = Release|Win32
		{1D5E663F-71F6-4E95-8E14-98B875DC45B2}.Debug|x64.ActiveCfg = Debug|x64
		{1D5E663F-71F6-4E95-8E14-98B875DC45B2}.Debug|x64.Build.0 = Debug|x64
		{1D5E663F-71F6-4E95-8E14-98B875DC45B2}.Debug|x86.ActiveCfg = Debug|Win32
		{1D5E663F-71F6-4E95-8E14-98B875DC45B2}.Debug|x86.Build.0 = Debug|Win32
		{1D5E663F-71F6-4E95-8E14-98B875DC45B2}.Release|x64.ActiveCfg = Release|x64
		{1D5E663F-71F6-4E95-8E14-98B875DC45B2}.Release|x64.Build.0 = Release|x64
		{1D5E663F-71F6-4E95-8E14-98B875DC45B2}.Release|x86.ActiveCfg = Release|Win32
		{1D5E663F-71F6-4E95-8E14-98B875DC45B2}.Release|x86.Build.0 = Release|Win32
		{41BC56FC-23E0-46B1-9174-7D9AEBA6D282}.Debug|x64.ActiveCfg = Debug|x64
		{41BC56FC-23E0-46B1-9174-7D9AEBA6D282}.Debug|x64.Build.0 = Debug|x64
		{41BC56FC-23E0-46B1-9174-7D9AEBA6D282}.Debug|x86.ActiveCfg = Debug|Win32
		{41BC56FC-23E0-46B1-9174-7D9AEBA6D282}.Debug|x86.Build.0 = Debug|Win32
		{41BC56FC-23E0-46B1-9174-7D9AEBA6D282}.Release|x64.ActiveCfg = Release|x64
		{41BC56FC-23E0-46B1-9174-7D9AEBA6D282}.Release|x64.Build.0 = Release|x64
		{41BC56FC-23E0-46B1-9174-7D9AEBA6D282}.Release|x86.ActiveCfg = Release|Win32
		{41BC56FC-23E0-46B1-9174-7D9AEBA6D282}.Release|x86.Build.0 = Release|Win32
		{77F1BA76-AE76-4407-A427-C24EF5327887}.Debug|x64.ActiveCfg = Debug|x64
		{77F1BA76-AE76-4407-A427-C24EF5327887}.Debug|x64.Build.0 = Debug|x64
		{77F1BA76-AE76-4407-A427-C24EF5327887}.Debug|x86.ActiveCfg = Debug|Win32
		{77F1BA76-AE76-4407-A427-C24EF5327887}.Debug|x86.Build.0 = Debug|Win32
		{77F1BA76-AE76-4407-A427-C24EF5327887}.Release|x64.ActiveCfg = Release|x64
		{77F1BA76-AE76-4407-A427-C24EF5327887}.Release|x64.Build.0 = Release|x64
		{77F1BA76-AE76-4407-A427-C24EF5327887}.Release|x86.ActiveCfg = Release|Win32
		{77F1BA76-AE76-4407-A427-C24EF5327887}.Release|x86.Build.0 = Release|Win32
		{AC680684-C7EE-43DC-AB4E-01558B68EB82}.Debug|x64.ActiveCfg = Debug|x64
		{AC680684-C7EE-43DC-AB4E-01558B68EB82}.Debug|x64.Build.0 = Debug|x64
		{AC680684-C7EE-43DC-AB4E-01558B68EB82}.Debug|x86.ActiveCfg = Debug|Win32
		{AC680684-C7EE-43DC-AB4E-01558B68EB82}.Debug|x86.Build.0 = Debug|Win32
		{AC680684-C7EE-43DC-AB4E-01558B68EB82}.Release|x64.ActiveCfg = Release|x64
		{AC680684-C7EE-43DC-AB4E-01558B68EB82}.Release|x64.Build.0 = Release|x64
		{AC680684-C7EE-43DC-AB4E-01558B68EB82}.Release|x86.ActiveCfg = Release|Win32
		{AC680684-C7EE-43DC-AB4E-01558B68EB82}.Release|x86.Build.0 = Release|Win32
		{FBAF2516-486E-4BAF-95EB-1BF5D1BD0799}.Debug|x64.ActiveCfg = Debug|x64
		{FBAF2516-486E-4BAF-95EB-1BF5D1BD0799}.Debug|x64.Build.0 = Debug|x64
		{FBAF2516-486E-4BAF-95EB-1BF5D1BD0799}.Debug|x86.ActiveCfg = Debug|Win32
		{FBAF2516-486E-4BAF-95EB-1BF5D1BD0799}.Debug|x86.Build.0 = Debug|Win32
		{FBAF2516-486E-4BAF-95EB-1BF5D1BD0799}.Release|x64.ActiveCfg = Release|x64
		{FBAF2516-486E-4BAF-95EB-1BF5D1BD0799}.Release|x64.Build.0 = Release|x64
		{FBAF2516-486E-4BAF-95EB-1BF5D1BD0799}.Release|x86.ActiveCfg = Release|Win32
		{FBAF2516-486E-4BAF-95EB-1BF5D1BD0799}.Release|x86.Build.0 = Release|Win32
		{B7D4798B-97CA-4CCB-BBAB-A2BDA7F5E7F8}.Debug|x64.ActiveCfg = Debug|x64
		{B7D4798B-97CA-4CCB-BBAB-A2BDA7F5E7F8}.Debug|x64.Build.0 = Debug|x64
		{B7D4798B-97CA-4CCB-BBAB-A2BDA7F5E7F8}.Debug|x86.ActiveCfg = Debug|Win32
		{B7D4798B-97CA-4CCB-BBAB-A2BDA7F5E7F8}.Debug|x86.Build.0 = Debug|Win32
		{B7D4798B-97CA-4CCB-BBAB-A2BDA7F5E7F8}.Release|x64.ActiveCfg = Release|x64
		{B7D4798B-97CA-4CCB-BBAB-A2BDA7F5E7F8}.Release|x64.Build.0 = Release|x64
		{B7D4798B-97CA-4CCB-BBAB-A2BDA7F5E7F8}.Release|x86.ActiveCfg = Release|Win32
		{B7D4798B-97CA-4CCB-BBAB-A2BDA7F5E7F8}.Release|x86.Build.0 = Release|Win32
		{E631724F-0378-4AAE-A924-F2FE7048622C}.Debug|x64.ActiveCfg = Debug|x64
		{E631724F-0378-4AAE-A924-F2FE7048622C}.Debug|x64.Build.0 = Debug|x64
		{E631724F-0378-4AAE-A924-F2FE7048622C}.Debug|x86.ActiveCfg = Debug|Win32
		{E631724F-0378-4AAE-A924-F2FE7048622C}.Debug|x86.Build.0 = Debug|Win32
		{E631724F-0378-4AAE-A924-F2FE7048622C}.Release|x64.ActiveCfg = Release|x64
		{E631724F-0378-4AAE-A924-F2FE7048622C}.Release|x64.Build.0 = Release|x64
		{E631724F-0378-4AAE-A924-F2FE7048622C}.Release|x86.ActiveCfg = Release|Win32
		{E631724F-0378-4AAE-A924-F2FE7048622C}.Release|x86.Build.0 = Release|Win32
		{8E4C7D06-401A-46D5-8D2F-F3C8EDD90BE1}.Debug|x64.ActiveCfg = Debug|x64
		{8E4C7D06-401A-46D5-8D2F-F3C8EDD90BE1}.Debug|x64.Build.0 = Debug|x64
		{8E4C7D06-401A-46D5-8D2F-F3C8EDD90BE1}.Debug|x86.ActiveCfg = Debug|Win32
		{8E4C7D06-401A-46D5-8D2F-F3C8EDD90BE1}.Debug|x86.Build.0 = Debug|Win32
		{8E4C7D06-401A-46D5-8D2F-F3C8EDD90BE1}.Release|x64.ActiveCfg = Release|x64
		{8E4C7D06-401A-46D5-8D2F-F3C8EDD90BE1}.Release|x64.Build.0 = Release|x64
		{8E4C7D06-401A-46D5-8D2F-F3C8EDD90BE1}.Release|x86.ActiveCfg = Release|Win32
		{8E4C7D06-401A-46D5-8D2F-F3C8EDD90BE1}.Release|x86.Build.0 = Release|Win32
		{9F552AD4-7567-473D-A94F-5DC06A9A0958}.Debug|x64.ActiveCfg = Debug|x64
		{9F552AD4-7567-473D-A94F-5DC06A9A0958}.Debug|x64.Build.0 = Debug|x64
		{9F552AD4-7567-473D-A94F-5DC06A9A0958}.Debug|x86.ActiveCfg = Debug|Win32
		{9F552AD4-7567-473D-A94F-5DC06A9A0958}.Debug|x86.Build.0 = Debug|Win32
		{9F552AD4-7567-473D-A94F-5DC06A9A0958}.Release|x64.ActiveCfg = Release|x64
		{9F552AD4-7567-473D-A94F-5DC06A9A0958}.Release|x64.Build.0 = Release|x64
		{9F552AD4-7567-473D-A94F-5DC06A9A0958}.Release|x86.ActiveCfg = Release|Win32
		{9F552AD4-7567-473D-A94F-5DC06A9A0958}.Release|x86.Build.0 = Release|Win32
		{1536966B-E028-42E8-8B46-2A0B404B7FCD}.Debug|x64.ActiveCfg = Debug|x64
		{1536966B-E028-42E8-8B46-2A0B404B7FCD}.Debug|x64.Build.0 = Debug|x64
		{1536966B-E028-42E8-8B46-2A0B404B7FCD}.Debug|x86.ActiveCfg = Debug|Win32
		{1536966B-E028-42E8-8B46-2A0B404B7FCD}.Debug|x86.Build.0 = Debug|Win32
		{1536966B-E028-42E8-8B46-2A0B404B7FCD}.Release|x64.ActiveCfg = Release|x64
		{1536966B-E028-42E8-8B46-2A0B404B7FCD}.Release|x64.Build.0 = Release|x64
		{1536966B-E028-42E8-8B46-2A0B404B7FCD}.Release|x86.ActiveCfg = Release|Win32
		{1536966B-E028-42E8-8B46-2A0B404B7FCD}.Release|x86.Build.0 = Release|Win32
		{2A39E673-839D-4F2A-9CD4-5FC973436A59}.Debug|x64.ActiveCfg = Debug|x64
		{2A39E673-839D-4F2A-9CD4-5FC973436A59}.Debug|x64.Build.0 = Debug|x64
		{2A39E673-839D-4F2A-9CD4-5FC973436A59}.Debug|x86.ActiveCfg = Debug|Win32
		{2A39E673-839D-4F2A-9CD4-5FC973436A59}.Debug|x86.Build.0 = Debug|Win32
		{2A39E673-839D-4F2A-9CD4-5FC973436A59}.Release|x64.ActiveCfg = Release|x64
		{2A39E673-839D-4F2A-9CD4-5FC973436A59}.Release|x64.Build.0 = Release|x64
		{2A39E673-839D-4F2A-9CD4-5FC973436A59}.Release|x86.ActiveCfg = Release|Win32
		{2A39E673-839D-4F2A-9CD4-5FC973436A59}.Release|x86.Build.0 = Release|Win32
		{76A83332-89E1-489A-848D-254E8C56DA45}.Debug|x64.ActiveCfg = Debug|x64
		{76A83332-89E1-489A-848D-254E8C56DA45}.Debug|x64.Build.0 = Debug|x64
		{76A83332-89E1-489A-848D-254E8C56DA45}.Debug|x86.ActiveCfg = Debug|Win32
		{76A83332-89E1-489A-848D-254E8C56DA45}.Debug|x86.Build.0 = Debug|Win32
		{76A83332-89E1-489A-848D-254E8C56DA45}.Release|x64.ActiveCfg = Release|x64
		{76A83332-89E1-489A-848D-254E8C56DA45}.Release|x64.Build.0 = Release|x64
		{76A83332-89E1-489A-848D-254E8C56DA45}.Release|x86.ActiveCfg = Release|Win32
		{76A83332-89E1-489A-848D-254E8C56DA45}.Release|x86.Build.0 = Release|Win32
		{5AFC9E52-7BEF-4DA5-9742-F1D0C28D4BFA}.Debug|x64.ActiveCfg = Debug|x64
		{5AFC9E52-7BEF-4DA5-9742-F1D0C28D4BFA}.Debug|x64.Build.0 = Debug|x64
		{5AFC9E52-7BEF-4DA5-9742-F1D0C28D4BFA}.Debug|x86.ActiveCfg = Debug|Win32
		{5AFC9E52-7BEF-4DA5-9742-F1D0C28D4BFA}.Debug|x86.Build.0 = Debug|Win32
		{5AFC9E52-7BEF-4DA5-9742-F1D0C28D4BFA}.Release|x64.ActiveCfg = Release|x64
		{5AFC9E52-7BEF-4DA5-9742-F1D0C28D4BFA}.Release|x64.Build.0 = Release|x64
		{5AFC9E52-7BEF-4DA5-9742-F1D0C28D4BFA}.Release|x86.ActiveCfg = Release|Win32
		{5AFC9E52-7BEF-4DA5-9742-F1D0C28D4BFA}.Release|x86.Build.0 = Release|Win32
		{1E8C94B7-CE33-441F-92DB-A8A2B9B64301}.Debug|x64.ActiveCfg = Debug|x64
		{1E8C94B7-CE33-441F-92DB-A8A2B9B64301}.Debug|x64.Build.0 = Debug|x64
		{1E8C94B7-CE33-441F-92DB-A8A2B9B64301}.Debug|x86.ActiveCfg = Debug|Win32
		{1E8C94B7-CE33-441F-92DB-A8A2B9B64301}.Debug|x86.Build.0 = Debug|Win32
		{1E8C94B7-CE33-441F-92DB-A8A2B9B64301}.Release|x64.ActiveCfg = Release|x64
		{1E8C94B7-CE33-441F-92DB-A8A2B9B64301}.Release|x64.Build.0 = Release|x64
		{1E8C94B7-CE33-441F-92DB-A8A2B9B64301}.Release|x86.ActiveCfg = Release|Win32
		{1E8C94B7-CE33-441F-92DB-A8A2B9B64301}.Release|x86.Build.0 = Release|Win32
		{F2E01B9A-1C8E-4BE3-BDD5-0F6F7A9609B9}.Debug|x64.ActiveCfg = Debug|x64
		{F2E01B9A-1C8E-4BE3-BDD5-0F6F7A9609B9}.Debug|x64.Build.0 = Debug|x64
		{F2E01B9A-1C8E-4BE3-BDD5-0F6F7A9609B9}.Debug|x86.ActiveCfg = Debug|Win32
		{F2E01B9A-1C8E-4BE3-BDD5-0F6F7A9609B9}.Debug|x86.Build.0 = Debug|Win32
		{F2E01B9A-1C8E-4BE3-BDD5-0F6F7A9609B9}.Release|x64.ActiveCfg = Release|x64
		{F2E01B9A-1C8E-4BE3-BDD5-0F6F7A9609B9}.Release|x64.Build.0 = Release|x64
		{F2E01B9A-1C8E-4BE3-BDD5-0F6F7A9609B9}.Release|x86.ActiveCfg = Release|Win32
		{F2E01B9A-1C8E-4BE3-BDD5-0F6F7A9609B9}.Release|x86.Build.0 = Release|Win32
		{7FA93519-9C0A-4225-A425-7276669998A9}.Debug|x64.ActiveCfg = Debug|x64
		{7FA93519-9C0A-4225-A425-7276669998A9}.Debug|x64.Build.0 = Debug|x64
		{7FA93519-9C0A-4225-A425-7276669998A9}.Debug|x86.ActiveCfg = Debug|Win32
		{7FA93519-9C0A-4225-A425-7276669998A9}.Debug|x86.Build.0 = Debug|Win32
		{7FA93519-9C0A-4225-A425-7276669998A9}.Release|x64.ActiveCfg = Release|x64
		{7FA93519-9C0A-4225-A425-7276669998A9}.Release|x64.Build.0 = Release|x64
		{7FA93519-9C0A-4225-A425-7276669998A9}.Release|x86.ActiveCfg = Release|Win32
		{7FA93519-9C0A-4225-A425-7276669998A9}.Release|x86.Build.0 = Release|Win32
		{9CDE0D57-A4B4-48E0-A94F-2BC3F35EEE4F}.Debug|x64.ActiveCfg = Debug|x64
		{9CDE0D57-A4B4-48E0-A94F-2BC3F35EEE4F}.Debug|x64.Build.0 = Debug|x64
		{9CDE0D57-A4B4-48E0-A94F-2BC3F35EEE4F}.Debug|x86.ActiveCfg = Debug|Win32
		{9CDE0D57-A4B4-48E0-A94F-2BC3F35EEE4F}.Debug|x86.Build.0 = Debug|Win32
		{9CDE0D57-A4B4-48E0-A94F-2BC3F35EEE4F}.Release|x64.ActiveCfg = Release|x64
		{9CDE0D57-A4B4-48E0-A94F-2BC3F35EEE4F}.Release|x64.Build.0 = Release|x64
		{9CDE0D57-A4B4-48E0-A94F-2BC3F35EEE4F}.Release|x86.ActiveCfg = Release|Win32
		{9CDE0D57-A4B4-48E0-A94F-2BC3F35EEE4F}.Release|x86.Build.0 = Release|Win32
		{AF040D59-FB44-4FF7-80E8-5E1143DC17AB}.Debug|x64.ActiveCfg = Debug|x64
		{AF040D59-FB44-4FF7-80E8-5E1143DC17AB}.Debug|x64.Build.0 = Debug|x64
		{AF040D59-FB44-4FF7-80E8-5E1143DC17AB}.Debug|x86.ActiveCfg = Debug|Win32
		{AF040D59-FB44-4FF7-80E8-5E1143DC17AB}.Debug|x86.Build.0 = Debug|Win32
		{AF040D59-FB44-4FF7-80E8-5E1143DC17AB}.Release|x64.ActiveCfg = Release|x64
		{AF040D59-FB44-4FF7-80E8-5E1143DC17AB}.Release|x64.Build.0 = Release|x64
		{AF040D59-FB44-4FF7-80E8-5E1143DC17AB}.Release|x86.ActiveCfg = Release|Win32
		{AF040D59-FB44-4FF7-80E8-5E1143DC17AB}.Release|x86.Build.0 = Release|Win32
		{4429DE6D-8AF3-440E-B218-F12AC5A60150}.Debug|x64.ActiveCfg = Debug|x64
		{4429DE6D-8AF3-440E-B218-F12AC5A60150}.Debug|x64.Build.0 = Debug|x64
		{4429DE6D-8AF3-440E-B218-F12AC5A60150}.Debug|x86.ActiveCfg = Debug|Win32
		{4429DE6D-8AF3-440E-B218-F12AC5A60150}.Debug|x86.Build.0 = Debug|Win32
		{4429DE6D-8AF3-440E-B218-F12AC5A60150}.Release|x64.ActiveCfg = Release|x64
		{4429DE6D-8AF3-440E-B218-F12AC5A60150}.Release|x64.Build.0 = Release|x64
		{4429DE6D-8AF3-440E-B218-F12AC5A60150}.Release|x86.ActiveCfg = Release|Win32
		{4429DE6D-8AF3-440E-B218-F12AC5A60150}.Release|x86.Build.0 = Release|Win32
		{87F26BAE-8FEC-4D3D-BAAE-02A27E3F6A16}.Debug|x64.ActiveCfg = Debug|x64
		{87F26BAE-8FEC-4D3D-BAAE-02A27E3F6A16}.Debug|x64.Build.0 = Debug|x64
		{87F26BAE-8FEC-4D3D-BAAE-02A27E3F6A16}.Debug|x86.ActiveCfg = Debug|Win32
		{87F26BAE-8FEC-4D3D-BAAE-02A27E3F6A16}.Debug|x86.Build.0 = Debug|Win32
		{87F26BAE-8FEC-4D3D-BAAE-02A27E3F6A16}.Release|x64.ActiveCfg = Release|x64
		{87F26BAE-8FEC-4D3D-BAAE-02A27E3F6A16}.Release|x64.Build.0 = Release|x64
		{87F26BAE-8FEC-4D3D-BAAE-02A27E3F6A16}.Release|x86.ActiveCfg = Release|Win32
		{87F26BAE-8FEC-4D3D-BAAE-02A27E3F6A16}.Release|x86.Build.0 = Release|Win32
		{C79C0AE5-30D2-4159-9676-65053966D17E}.Debug|x64.ActiveCfg = Debug|x64
		{C79C0AE5-30D2-4159-9676-65053966D17E}.Debug|x64.Build.0 = Debug|x64
		{C79C0AE5-30D2-4159-9676-65053966D17E}.Debug|x86.ActiveCfg = Debug|Win32
		{C79C0AE5-30D2-4159-9676-65053966D17E}.Debug|x86.Build.0 = Debug|Win32
		{C79C0AE5-30D2-4159-9676-65053966D17E}.Release|x64.ActiveCfg = Release|x64
		{C79C0AE5-30D2-4159-9676-65053966D17E}.Release|x64.Build.0 = Release|x64
		{C79C0AE5-30D2-4159-9676-65053966D17E}.Release|x86.ActiveCfg = Release|Win32
		{C79C0AE5-30D2-4159-9676-65053966D17E}.Release|x86.Build.0 = Release|Win32
		{9578B7F8-FCF5-41F9-83B9-B86DDB3A774F}.Debug|x64.ActiveCfg = Debug|x64
		{9578B7F8-FCF5-41F9-83B9-B86DDB3A774F}.Debug|x64.Build.0 = Debug|x64
		{9578B7F8-FCF5-41F9-83B9-B86DDB3A774F}.Debug|x86.ActiveCfg = Debug|Win32
		{9578B7F8-FCF5-41F9-83B9-B86DDB3A774F}.Debug|x86.Build.0 = Debug|Win32
		{9578B7F8-FCF5-41F9-83B9-B86DDB3A774F}.Release|x64.ActiveCfg = Release|x64
		{9578B7F8-FCF5-41F9-83B9-B86DDB3A774F}.Release|x64.Build.0 = Release|x64
		{9578B7F8-FCF5-41F9-83B9-B86DDB3A774F}.Release|x86.ActiveCfg = Release|Win32
		{9578B7F8-FCF5-41F9-83B9-B86DDB3A774F}.Release|x86.Build.0 = Release|Win32
		{830C1F70-DCEA-405B-8A84-1F4ECAFA050E}.Debug|x64.ActiveCfg = Debug|x64
		{830C1F70-DCEA-405B-8A84-1F4ECAFA050E}.Debug|x64.Build.0 = Debug|x64
		{830C1F70-DCEA-405B-8A84-1F4ECAFA050E}.Debug|x86.ActiveCfg = Debug|Win32
		{830C1F70-DCEA-405B-8A84-1F4ECAFA050E}.Debug|x86.Build.0 = Debug|Win32
		{830C1F70-DCEA-405B-8A84-1F4ECAFA050E}.Release|x64.ActiveCfg = Release|x64
		{830C1F70-DCEA-405B-8A84-1F4ECAFA050E}.Release|x64.Build.0 = Release|x64
		{830C1F70-DCEA-405B-8A84-1F4ECAFA050E}.Release|x86.ActiveCfg = Release|Win32
		{830C1F70-DCEA-405B-8A84-1F4ECAFA050E}.Release|x86.Build.0 = Release|Win32
		{D7E81A93-B755-461E-B07F-4DBB584F5943}.Debug|x64.ActiveCfg = Debug|x64
		{D7E81A93-B755-461E-B07F-4DBB584F5943}.Debug|x64.Build.0 = Debug|x64
		{D7E81A93-B755-461E-B07F-4DBB584F5943}.Debug|x86.ActiveCfg = Debug|Win32
		{D7E81A93-B755-461E-B07F-4DBB584F5943}.Debug|x86.Build.0 = Debug|Win32
		{D7E81A93-B755-461E-B07F-4DBB584F5943}.Release|x64.ActiveCfg = Release|x64
		{D7E81A93-B755-461E-B07F-4DBB584F5943}.Release|x64.Build.0 = Release|x64
		{D7E81A93-B755-461E-B07F-4DBB584F5943}.Release|x86.ActiveCfg = Release|Win32
		{D7E81A93-B755-461E-B07F-4DBB584F5943}.Release|x86.Build.0 = Release|Win32
		{E0AA8EDB-A174-4371-BD68-D615B43F56CF}.Debug|x64.ActiveCfg = Debug|x64
		{E0AA8EDB-A174-4371-BD68-D615B43F56CF}.Debug|x64.Build.0 = Debug|x64
		{E0AA8EDB-A174-4371-BD68-D615B43F56CF}.Debug|x86.ActiveCfg = Debug|Win32
		{E0AA8EDB-A174-4371-BD68-D615B43F56CF}.Debug|x86.Build.0 = Debug|Win32
		{E0AA8EDB-A174-4371-BD68-D615B43F56CF}.Release|x64.ActiveCfg = Release|x64
		{E0AA8EDB-A174-4371-BD68-D615B43F56CF}.Release|x64.Build.0 = Release|x64
		{E0AA8EDB-A174-4371-BD68-D615B43F56CF}.Release|x86.ActiveCfg = Release|Win32
		{E0AA8EDB-A174-4371-BD68-D615B43F56CF}.Release|x86.Build.0 = Release|Win32
		{4149D942-996A-4435-8C21-1AD4A95E08BF}.Debug|x64.ActiveCfg = Debug|x64
		{4149D942-996A-4435-8C21-1AD4A95E08BF}.Debug|x64.Build.0 = Debug|x64
		{4149D942-996A-4435-8C21-1AD4A95E08BF}.Debug|x86.ActiveCfg = Debug|Win32
		{4149D942-996A-4435-8C21-1AD4A95E08BF}.Debug|x86.Build.0 = Debug|Win32
		{4149D942-996A-4435-8C21-1AD4A95E08BF}.Release|x64.ActiveCfg = Release|x64
		{4149D942-996A-4435-8C21-1AD4A95E08BF}.Release|x64.Build.0 = Release|x64
		{4149D942-996A-4435-8C21-1AD4A95E08BF}.Release|x86.ActiveCfg = Release|Win32
		{4149D942-996A-4435-8C21-1AD4A95E08BF}.Release|x86.Build.0 = Release|Win32
		{970DD890-AA3A-4298-A044-3D01E8B92F71}.Debug|x64.ActiveCfg = Debug|x64
		{970DD890-AA3A-4298-A044-3D01E8B92F71}.Debug|x64.Build.0 = Debug|x64
		{970DD890-AA3A-4298-A044-3D01E8B92F71}.Debug|x86.ActiveCfg = Debug|Win32
		{970DD890-AA3A-4298-A044-3D01E8B92F71}.Debug|x86.Build.0 = Debug|Win32
		{970DD890-AA3A-4298-A044-3D01E8B92F71}.Release|x64.ActiveCfg = Release|x64
		{970DD890-AA3A-4298-A044-3D01E8B92F71}.Release|x64.Build.0 = Release|x64
		{970DD890-AA3A-4298-A044-3D01E8B92F71}.Release|x86.ActiveCfg = Release|Win32
		{970DD890-AA3A-4298-A044-3D01E8B92F71}.Release|x86.Build.0 = Release|Win32
		{D431D687-055C-4B5A-BB1A-6B3190292CDD}.Debug|x64.ActiveCfg = Debug|x64
		{D431D687-055C-4B5A-BB1A-6B3190292CDD}.Debug|x64.Build.0 = Debug|x64
		{D431D687-055C-4B5A-BB1A-6B3190292CDD}.Debug|x86.ActiveCfg = Debug|Win32
		{D431D687-055C-4B5A-BB1A-6B3190292CDD}.Debug|x86.Build.0 = Debug|Win32
		{D431D687-055C-4B5A-BB1A-6B3190292CDD}.Release|x64.ActiveCfg = Release|x64
		{D431D687-055C-4B5A-BB1A-6B3190292CDD}.Release|x64.Build.0 = Release|x64
		{D431D687-055C-4B5A-BB1A-6B3190292CDD}.Release|x86.ActiveCfg = Release|Win32
		{D431D687-055C-4B5A-BB1A-6B3190292CDD}.Release|x86.Build.0 = Release|Win32
	EndGlobalSection
	GlobalSection(SolutionProperties) = preSolution
		HideSolutionNode = FALSE
	EndGlobalSection
	GlobalSection(NestedProjects) = preSolution
		{6AF8ADC5-06E1-4C14-AFAC-205AB6A8332D} = {B3A674F3-0B33-4494-A9FF-08C7D3A3B7E6}
		{A40EB41A-0C0D-406F-BE20-46DD66BE70F9} = {B3A674F3-0B33-4494-A9FF-08C7D3A3B7E6}
		{22E62423-7A48-4223-90C4-74ED5203A0AE} = {B3A674F3-0B33-4494-A9FF-08C7D3A3B7E6}
		{7C04E243-4667-483A-BCCA-74E5D8ACD685} = {B3A674F3-0B33-4494-A9FF-08C7D3A3B7E6}
		{89B115FA-FB1E-4C3F-AAF7-BD6A8921CC08} = {B3A674F3-0B33-4494-A9FF-08C7D3A3B7E6}
		{3D864E73-F4A6-4A39-85DC-1E7B80180BFC} = {B3A674F3-0B33-4494-A9FF-08C7D3A3B7E6}
		{E38DED8B-C3DB-47CB-AF86-CB1A820F1644} = {B3A674F3-0B33-4494-A9FF-08C7D3A3B7E6}
		{1C9F0C0D-2B82-484C-9C68-3C557F210B6D} = {B3A674F3-0B33-4494-A9FF-08C7D3A3B7E6}
		{D40D45E3-58AD-404E-AD4F-6BA9F1095540} = {B3A674F3-0B33-4494-A9FF-08C7D3A3B7E6}
		{8130BA5A-8435-4F25-8E37-5E0BE16267DD} = {B3A674F3-0B33-4494-A9FF-08C7D3A3B7E6}
		{D4B7D74E-86F5-4A21-8DB1-3334CB1DBEC8} = {B3A674F3-0B33-4494-A9FF-08C7D3A3B7E6}
		{C353BCB0-A3AC-420D-8FA6-FF50636636AF} = {B3A674F3-0B33-4494-A9FF-08C7D3A3B7E6}
		{41F7B1E8-3890-4CF3-94F9-8CBE8224913B} = {B3A674F3-0B33-4494-A9FF-08C7D3A3B7E6}
		{A3FAC319-A6E3-4D8A-B53E-00E7165A69BF} = {B3A674F3-0B33-4494-A9FF-08C7D3A3B7E6}
		{F2CA07F0-0843-4E4D-B33D-16ADAB6DFAC0} = {B3A674F3-0B33-4494-A9FF-08C7D3A3B7E6}
		{6086657A-F722-4105-A126-9DBA9AE0761E} = {B3A674F3-0B33-4494-A9FF-08C7D3A3B7E6}
		{3C1FD3F1-84B2-4EF8-8E9C-81C7F86A9959} = {B3A674F3-0B33-4494-A9FF-08C7D3A3B7E6}
		{21D1228A-2854-475F-8988-D3E91650F866} = {B3A674F3-0B33-4494-A9FF-08C7D3A3B7E6}
		{6378BFAE-77CA-461D-B39F-BB4ECBFCA67C} = {B3A674F3-0B33-4494-A9FF-08C7D3A3B7E6}
		{E8DFBF48-B63B-46A5-BE60-063B5780A1CE} = {B3A674F3-0B33-4494-A9FF-08C7D3A3B7E6}
		{C520B6F6-9D49-4822-8ED1-C029FDA57375} = {B3A674F3-0B33-4494-A9FF-08C7D3A3B7E6}
		{4061568D-9597-4C36-BB36-E28268F2A464} = {B3A674F3-0B33-4494-A9FF-08C7D3A3B7E6}
		{5A075B88-C085-4141-9273-0D38655B9961} = {B3A674F3-0B33-4494-A9FF-08C7D3A3B7E6}
		{8463CB1F-8208-4383-9409-5EEFE8507180} = {B3A674F3-0B33-4494-A9FF-08C7D3A3B7E6}
		{98DC8B27-EEF8-46BB-9724-ECA15AF2D969} = {B3A674F3-0B33-4494-A9FF-08C7D3A3B7E6}
		{357BF3A9-83F5-43D2-AE68-D4DFA800D212} = {B3A674F3-0B33-4494-A9FF-08C7D3A3B7E6}
		{EDED6C3B-FD2F-4591-B864-10919ABF0AE3} = {B3A674F3-0B33-4494-A9FF-08C7D3A3B7E6}
		{1D5E663F-71F6-4E95-8E14-98B875DC45B2} = {B3A674F3-0B33-4494-A9FF-08C7D3A3B7E6}
		{41BC56FC-23E0-46B1-9174-7D9AEBA6D282} = {B3A674F3-0B33-4494-A9FF-08C7D3A3B7E6}
		{77F1BA76-AE76-4407-A427-C24EF5327887} = {B3A674F3-0B33-4494-A9FF-08C7D3A3B7E6}
		{AC680684-C7EE-43DC-AB4E-01558B68EB82} = {B3A674F3-0B33-4494-A9FF-08C7D3A3B7E6}
		{FBAF2516-486E-4BAF-95EB-1BF5D1BD0799} = {B3A674F3-0B33-4494-A9FF-08C7D3A3B7E6}
		{B7D4798B-97CA-4CCB-BBAB-A2BDA7F5E7F8} = {B3A674F3-0B33-4494-A9FF-08C7D3A3B7E6}
		{E631724F-0378-4AAE-A924-F2FE7048622C} = {B3A674F3-0B33-4494-A9FF-08C7D3A3B7E6}
		{8E4C7D06-401A-46D5-8D2F-F3C8EDD90BE1} = {B3A674F3-0B33-4494-A9FF-08C7D3A3B7E6}
		{9F552AD4-7567-473D-A94F-5DC06A9A0958} = {B3A674F3-0B33-4494-A9FF-08C7D3A3B7E6}
		{1536966B-E028-42E8-8B46-2A0B404B7FCD} = {B3A674F3-0B33-4494-A9FF-08C7D3A3B7E6}
		{76A83332-89E1-489A-848D-254E8C56DA45} = {B3A674F3-0B33-4494-A9FF-08C7D3A3B7E6}
		{7FA93519-9C0A-4225-A425-7276669998A9} = {B3A674F3-0B33-4494-A9FF-08C7D3A3B7E6}
		{9CDE0D57-A4B4-48E0-A94F-2BC3F35EEE4F} = {B3A674F3-0B33-4494-A9FF-08C7D3A3B7E6}
		{AF040D59-FB44-4FF7-80E8-5E1143DC17AB} = {B3A674F3-0B33-4494-A9FF-08C7D3A3B7E6}
		{4429DE6D-8AF3-440E-B218-F12AC5A60150} = {B3A674F3-0B33-4494-A9FF-08C7D3A3B7E6}
		{87F26BAE-8FEC-4D3D-BAAE-02A27E3F6A16} = {B3A674F3-0B33-4494-A9FF-08C7D3A3B7E6}
		{C79C0AE5-30D2-4159-9676-65053966D17E} = {B3A674F3-0B33-4494-A9FF-08C7D3A3B7E6}
		{970DD890-AA3A-4298-A044-3D01E8B92F71} = {B3A674F3-0B33-4494-A9FF-08C7D3A3B7E6}
		{D431D687-055C-4B5A-BB1A-6B3190292CDD} = {B3A674F3-0B33-4494-A9FF-08C7D3A3B7E6}
	EndGlobalSection
	GlobalSection(ExtensibilityGlobals) = postSolution
		SolutionGuid = {6B152544-0CCF-4F5A-9FB9-B0E2FA2F1599}
	EndGlobalSection
EndGlobal
